// !$*UTF8*$!
{
	archiveVersion = 1;
	classes = {
	};
	objectVersion = 50;
	objects = {

/* Begin PBXBuildFile section */
		042432DC24C7CACA005013BF /* AppDelegate.swift in Sources */ = {isa = PBXBuildFile; fileRef = 042432DB24C7CACA005013BF /* AppDelegate.swift */; };
		042432DE24C7CACA005013BF /* SceneDelegate.swift in Sources */ = {isa = PBXBuildFile; fileRef = 042432DD24C7CACA005013BF /* SceneDelegate.swift */; };
		042432E024C7CACA005013BF /* ViewController.swift in Sources */ = {isa = PBXBuildFile; fileRef = 042432DF24C7CACA005013BF /* ViewController.swift */; };
		042432E324C7CACA005013BF /* Main.storyboard in Resources */ = {isa = PBXBuildFile; fileRef = 042432E124C7CACA005013BF /* Main.storyboard */; };
		042432E524C7CACB005013BF /* Assets.xcassets in Resources */ = {isa = PBXBuildFile; fileRef = 042432E424C7CACB005013BF /* Assets.xcassets */; };
		042432E824C7CACB005013BF /* LaunchScreen.storyboard in Resources */ = {isa = PBXBuildFile; fileRef = 042432E624C7CACB005013BF /* LaunchScreen.storyboard */; };
		042432F624C7CB55005013BF /* EmptyWindowTestTests.swift in Sources */ = {isa = PBXBuildFile; fileRef = 042432F524C7CB55005013BF /* EmptyWindowTestTests.swift */; };
/* End PBXBuildFile section */

/* Begin PBXContainerItemProxy section */
		042432F824C7CB55005013BF /* PBXContainerItemProxy */ = {
			isa = PBXContainerItemProxy;
			containerPortal = 042432D024C7CACA005013BF /* Project object */;
			proxyType = 1;
			remoteGlobalIDString = 042432D724C7CACA005013BF;
			remoteInfo = EmptyWindowTest;
		};
/* End PBXContainerItemProxy section */

/* Begin PBXFileReference section */
		042432D824C7CACA005013BF /* EmptyWindowTest.app */ = {isa = PBXFileReference; explicitFileType = wrapper.application; includeInIndex = 0; path = EmptyWindowTest.app; sourceTree = BUILT_PRODUCTS_DIR; };
		042432DB24C7CACA005013BF /* AppDelegate.swift */ = {isa = PBXFileReference; lastKnownFileType = sourcecode.swift; path = AppDelegate.swift; sourceTree = "<group>"; };
		042432DD24C7CACA005013BF /* SceneDelegate.swift */ = {isa = PBXFileReference; lastKnownFileType = sourcecode.swift; path = SceneDelegate.swift; sourceTree = "<group>"; };
		042432DF24C7CACA005013BF /* ViewController.swift */ = {isa = PBXFileReference; lastKnownFileType = sourcecode.swift; path = ViewController.swift; sourceTree = "<group>"; };
		042432E224C7CACA005013BF /* Base */ = {isa = PBXFileReference; lastKnownFileType = file.storyboard; name = Base; path = Base.lproj/Main.storyboard; sourceTree = "<group>"; };
		042432E424C7CACB005013BF /* Assets.xcassets */ = {isa = PBXFileReference; lastKnownFileType = folder.assetcatalog; path = Assets.xcassets; sourceTree = "<group>"; };
		042432E724C7CACB005013BF /* Base */ = {isa = PBXFileReference; lastKnownFileType = file.storyboard; name = Base; path = Base.lproj/LaunchScreen.storyboard; sourceTree = "<group>"; };
		042432E924C7CACB005013BF /* Info.plist */ = {isa = PBXFileReference; lastKnownFileType = text.plist.xml; path = Info.plist; sourceTree = "<group>"; };
		042432F324C7CB55005013BF /* EmptyWindowTestTests.xctest */ = {isa = PBXFileReference; explicitFileType = wrapper.cfbundle; includeInIndex = 0; path = EmptyWindowTestTests.xctest; sourceTree = BUILT_PRODUCTS_DIR; };
		042432F524C7CB55005013BF /* EmptyWindowTestTests.swift */ = {isa = PBXFileReference; lastKnownFileType = sourcecode.swift; path = EmptyWindowTestTests.swift; sourceTree = "<group>"; };
		042432F724C7CB55005013BF /* Info.plist */ = {isa = PBXFileReference; lastKnownFileType = text.plist.xml; path = Info.plist; sourceTree = "<group>"; };
/* End PBXFileReference section */

/* Begin PBXFrameworksBuildPhase section */
		042432D524C7CACA005013BF /* Frameworks */ = {
			isa = PBXFrameworksBuildPhase;
			buildActionMask = 2147483647;
			files = (
			);
			runOnlyForDeploymentPostprocessing = 0;
		};
		042432F024C7CB55005013BF /* Frameworks */ = {
			isa = PBXFrameworksBuildPhase;
			buildActionMask = 2147483647;
			files = (
			);
			runOnlyForDeploymentPostprocessing = 0;
		};
/* End PBXFrameworksBuildPhase section */

/* Begin PBXGroup section */
		042432CF24C7CACA005013BF = {
			isa = PBXGroup;
			children = (
				042432DA24C7CACA005013BF /* EmptyWindowTest */,
				042432F424C7CB55005013BF /* EmptyWindowTestTests */,
				042432D924C7CACA005013BF /* Products */,
			);
			sourceTree = "<group>";
		};
		042432D924C7CACA005013BF /* Products */ = {
			isa = PBXGroup;
			children = (
				042432D824C7CACA005013BF /* EmptyWindowTest.app */,
				042432F324C7CB55005013BF /* EmptyWindowTestTests.xctest */,
			);
			name = Products;
			sourceTree = "<group>";
		};
		042432DA24C7CACA005013BF /* EmptyWindowTest */ = {
			isa = PBXGroup;
			children = (
				042432DB24C7CACA005013BF /* AppDelegate.swift */,
				042432DD24C7CACA005013BF /* SceneDelegate.swift */,
				042432DF24C7CACA005013BF /* ViewController.swift */,
				042432E124C7CACA005013BF /* Main.storyboard */,
				042432E424C7CACB005013BF /* Assets.xcassets */,
				042432E624C7CACB005013BF /* LaunchScreen.storyboard */,
				042432E924C7CACB005013BF /* Info.plist */,
			);
			path = EmptyWindowTest;
			sourceTree = "<group>";
		};
		042432F424C7CB55005013BF /* EmptyWindowTestTests */ = {
			isa = PBXGroup;
			children = (
				042432F524C7CB55005013BF /* EmptyWindowTestTests.swift */,
				042432F724C7CB55005013BF /* Info.plist */,
			);
			path = EmptyWindowTestTests;
			sourceTree = "<group>";
		};
/* End PBXGroup section */

/* Begin PBXNativeTarget section */
		042432D724C7CACA005013BF /* EmptyWindowTest */ = {
			isa = PBXNativeTarget;
			buildConfigurationList = 042432EC24C7CACB005013BF /* Build configuration list for PBXNativeTarget "EmptyWindowTest" */;
			buildPhases = (
				042432D424C7CACA005013BF /* Sources */,
				042432D524C7CACA005013BF /* Frameworks */,
				042432D624C7CACA005013BF /* Resources */,
			);
			buildRules = (
			);
			dependencies = (
			);
			name = EmptyWindowTest;
			productName = EmptyWindowTest;
			productReference = 042432D824C7CACA005013BF /* EmptyWindowTest.app */;
			productType = "com.apple.product-type.application";
		};
		042432F224C7CB55005013BF /* EmptyWindowTestTests */ = {
			isa = PBXNativeTarget;
			buildConfigurationList = 042432FA24C7CB55005013BF /* Build configuration list for PBXNativeTarget "EmptyWindowTestTests" */;
			buildPhases = (
				042432EF24C7CB55005013BF /* Sources */,
				042432F024C7CB55005013BF /* Frameworks */,
				042432F124C7CB55005013BF /* Resources */,
			);
			buildRules = (
			);
			dependencies = (
				042432F924C7CB55005013BF /* PBXTargetDependency */,
			);
			name = EmptyWindowTestTests;
			productName = EmptyWindowTestTests;
			productReference = 042432F324C7CB55005013BF /* EmptyWindowTestTests.xctest */;
			productType = "com.apple.product-type.bundle.unit-test";
		};
/* End PBXNativeTarget section */

/* Begin PBXProject section */
		042432D024C7CACA005013BF /* Project object */ = {
			isa = PBXProject;
			attributes = {
				LastSwiftUpdateCheck = 1140;
				LastUpgradeCheck = 1140;
				ORGANIZATIONNAME = "Fikri Helmi";
				TargetAttributes = {
					042432D724C7CACA005013BF = {
						CreatedOnToolsVersion = 11.4.1;
					};
					042432F224C7CB55005013BF = {
						CreatedOnToolsVersion = 11.4.1;
						TestTargetID = 042432D724C7CACA005013BF;
					};
				};
			};
			buildConfigurationList = 042432D324C7CACA005013BF /* Build configuration list for PBXProject "EmptyWindowTest" */;
			compatibilityVersion = "Xcode 9.3";
			developmentRegion = en;
			hasScannedForEncodings = 0;
			knownRegions = (
				en,
				Base,
			);
			mainGroup = 042432CF24C7CACA005013BF;
			productRefGroup = 042432D924C7CACA005013BF /* Products */;
			projectDirPath = "";
			projectRoot = "";
			targets = (
				042432D724C7CACA005013BF /* EmptyWindowTest */,
				042432F224C7CB55005013BF /* EmptyWindowTestTests */,
			);
		};
/* End PBXProject section */

/* Begin PBXResourcesBuildPhase section */
		042432D624C7CACA005013BF /* Resources */ = {
			isa = PBXResourcesBuildPhase;
			buildActionMask = 2147483647;
			files = (
				042432E824C7CACB005013BF /* LaunchScreen.storyboard in Resources */,
				042432E524C7CACB005013BF /* Assets.xcassets in Resources */,
				042432E324C7CACA005013BF /* Main.storyboard in Resources */,
			);
			runOnlyForDeploymentPostprocessing = 0;
		};
		042432F124C7CB55005013BF /* Resources */ = {
			isa = PBXResourcesBuildPhase;
			buildActionMask = 2147483647;
			files = (
			);
			runOnlyForDeploymentPostprocessing = 0;
		};
/* End PBXResourcesBuildPhase section */

/* Begin PBXSourcesBuildPhase section */
		042432D424C7CACA005013BF /* Sources */ = {
			isa = PBXSourcesBuildPhase;
			buildActionMask = 2147483647;
			files = (
				042432E024C7CACA005013BF /* ViewController.swift in Sources */,
				042432DC24C7CACA005013BF /* AppDelegate.swift in Sources */,
				042432DE24C7CACA005013BF /* SceneDelegate.swift in Sources */,
			);
			runOnlyForDeploymentPostprocessing = 0;
		};
		042432EF24C7CB55005013BF /* Sources */ = {
			isa = PBXSourcesBuildPhase;
			buildActionMask = 2147483647;
			files = (
				042432F624C7CB55005013BF /* EmptyWindowTestTests.swift in Sources */,
			);
			runOnlyForDeploymentPostprocessing = 0;
		};
/* End PBXSourcesBuildPhase section */

/* Begin PBXTargetDependency section */
		042432F924C7CB55005013BF /* PBXTargetDependency */ = {
			isa = PBXTargetDependency;
			target = 042432D724C7CACA005013BF /* EmptyWindowTest */;
			targetProxy = 042432F824C7CB55005013BF /* PBXContainerItemProxy */;
		};
/* End PBXTargetDependency section */

/* Begin PBXVariantGroup section */
		042432E124C7CACA005013BF /* Main.storyboard */ = {
			isa = PBXVariantGroup;
			children = (
				042432E224C7CACA005013BF /* Base */,
			);
			name = Main.storyboard;
			sourceTree = "<group>";
		};
		042432E624C7CACB005013BF /* LaunchScreen.storyboard */ = {
			isa = PBXVariantGroup;
			children = (
				042432E724C7CACB005013BF /* Base */,
			);
			name = LaunchScreen.storyboard;
			sourceTree = "<group>";
		};
/* End PBXVariantGroup section */

/* Begin XCBuildConfiguration section */
		042432EA24C7CACB005013BF /* Debug */ = {
			isa = XCBuildConfiguration;
			buildSettings = {
				ALWAYS_SEARCH_USER_PATHS = NO;
				CLANG_ANALYZER_NONNULL = YES;
				CLANG_ANALYZER_NUMBER_OBJECT_CONVERSION = YES_AGGRESSIVE;
				CLANG_CXX_LANGUAGE_STANDARD = "gnu++14";
				CLANG_CXX_LIBRARY = "libc++";
				CLANG_ENABLE_MODULES = YES;
				CLANG_ENABLE_OBJC_ARC = YES;
				CLANG_ENABLE_OBJC_WEAK = YES;
				CLANG_WARN_BLOCK_CAPTURE_AUTORELEASING = YES;
				CLANG_WARN_BOOL_CONVERSION = YES;
				CLANG_WARN_COMMA = YES;
				CLANG_WARN_CONSTANT_CONVERSION = YES;
				CLANG_WARN_DEPRECATED_OBJC_IMPLEMENTATIONS = YES;
				CLANG_WARN_DIRECT_OBJC_ISA_USAGE = YES_ERROR;
				CLANG_WARN_DOCUMENTATION_COMMENTS = YES;
				CLANG_WARN_EMPTY_BODY = YES;
				CLANG_WARN_ENUM_CONVERSION = YES;
				CLANG_WARN_INFINITE_RECURSION = YES;
				CLANG_WARN_INT_CONVERSION = YES;
				CLANG_WARN_NON_LITERAL_NULL_CONVERSION = YES;
				CLANG_WARN_OBJC_IMPLICIT_RETAIN_SELF = YES;
				CLANG_WARN_OBJC_LITERAL_CONVERSION = YES;
				CLANG_WARN_OBJC_ROOT_CLASS = YES_ERROR;
				CLANG_WARN_RANGE_LOOP_ANALYSIS = YES;
				CLANG_WARN_STRICT_PROTOTYPES = YES;
				CLANG_WARN_SUSPICIOUS_MOVE = YES;
				CLANG_WARN_UNGUARDED_AVAILABILITY = YES_AGGRESSIVE;
				CLANG_WARN_UNREACHABLE_CODE = YES;
				CLANG_WARN__DUPLICATE_METHOD_MATCH = YES;
				COPY_PHASE_STRIP = NO;
				DEBUG_INFORMATION_FORMAT = dwarf;
				ENABLE_STRICT_OBJC_MSGSEND = YES;
				ENABLE_TESTABILITY = YES;
				GCC_C_LANGUAGE_STANDARD = gnu11;
				GCC_DYNAMIC_NO_PIC = NO;
				GCC_NO_COMMON_BLOCKS = YES;
				GCC_OPTIMIZATION_LEVEL = 0;
				GCC_PREPROCESSOR_DEFINITIONS = (
					"DEBUG=1",
					"$(inherited)",
				);
				GCC_WARN_64_TO_32_BIT_CONVERSION = YES;
				GCC_WARN_ABOUT_RETURN_TYPE = YES_ERROR;
				GCC_WARN_UNDECLARED_SELECTOR = YES;
				GCC_WARN_UNINITIALIZED_AUTOS = YES_AGGRESSIVE;
				GCC_WARN_UNUSED_FUNCTION = YES;
				GCC_WARN_UNUSED_VARIABLE = YES;
				IPHONEOS_DEPLOYMENT_TARGET = 13.4;
				MTL_ENABLE_DEBUG_INFO = INCLUDE_SOURCE;
				MTL_FAST_MATH = YES;
				ONLY_ACTIVE_ARCH = YES;
				SDKROOT = iphoneos;
				SWIFT_ACTIVE_COMPILATION_CONDITIONS = DEBUG;
				SWIFT_OPTIMIZATION_LEVEL = "-Onone";
			};
			name = Debug;
		};
		042432EB24C7CACB005013BF /* Release */ = {
			isa = XCBuildConfiguration;
			buildSettings = {
				ALWAYS_SEARCH_USER_PATHS = NO;
				CLANG_ANALYZER_NONNULL = YES;
				CLANG_ANALYZER_NUMBER_OBJECT_CONVERSION = YES_AGGRESSIVE;
				CLANG_CXX_LANGUAGE_STANDARD = "gnu++14";
				CLANG_CXX_LIBRARY = "libc++";
				CLANG_ENABLE_MODULES = YES;
				CLANG_ENABLE_OBJC_ARC = YES;
				CLANG_ENABLE_OBJC_WEAK = YES;
				CLANG_WARN_BLOCK_CAPTURE_AUTORELEASING = YES;
				CLANG_WARN_BOOL_CONVERSION = YES;
				CLANG_WARN_COMMA = YES;
				CLANG_WARN_CONSTANT_CONVERSION = YES;
				CLANG_WARN_DEPRECATED_OBJC_IMPLEMENTATIONS = YES;
				CLANG_WARN_DIRECT_OBJC_ISA_USAGE = YES_ERROR;
				CLANG_WARN_DOCUMENTATION_COMMENTS = YES;
				CLANG_WARN_EMPTY_BODY = YES;
				CLANG_WARN_ENUM_CONVERSION = YES;
				CLANG_WARN_INFINITE_RECURSION = YES;
				CLANG_WARN_INT_CONVERSION = YES;
				CLANG_WARN_NON_LITERAL_NULL_CONVERSION = YES;
				CLANG_WARN_OBJC_IMPLICIT_RETAIN_SELF = YES;
				CLANG_WARN_OBJC_LITERAL_CONVERSION = YES;
				CLANG_WARN_OBJC_ROOT_CLASS = YES_ERROR;
				CLANG_WARN_RANGE_LOOP_ANALYSIS = YES;
				CLANG_WARN_STRICT_PROTOTYPES = YES;
				CLANG_WARN_SUSPICIOUS_MOVE = YES;
				CLANG_WARN_UNGUARDED_AVAILABILITY = YES_AGGRESSIVE;
				CLANG_WARN_UNREACHABLE_CODE = YES;
				CLANG_WARN__DUPLICATE_METHOD_MATCH = YES;
				COPY_PHASE_STRIP = NO;
				DEBUG_INFORMATION_FORMAT = "dwarf-with-dsym";
				ENABLE_NS_ASSERTIONS = NO;
				ENABLE_STRICT_OBJC_MSGSEND = YES;
				GCC_C_LANGUAGE_STANDARD = gnu11;
				GCC_NO_COMMON_BLOCKS = YES;
				GCC_WARN_64_TO_32_BIT_CONVERSION = YES;
				GCC_WARN_ABOUT_RETURN_TYPE = YES_ERROR;
				GCC_WARN_UNDECLARED_SELECTOR = YES;
				GCC_WARN_UNINITIALIZED_AUTOS = YES_AGGRESSIVE;
				GCC_WARN_UNUSED_FUNCTION = YES;
				GCC_WARN_UNUSED_VARIABLE = YES;
				IPHONEOS_DEPLOYMENT_TARGET = 13.4;
				MTL_ENABLE_DEBUG_INFO = NO;
				MTL_FAST_MATH = YES;
				SDKROOT = iphoneos;
				SWIFT_COMPILATION_MODE = wholemodule;
				SWIFT_OPTIMIZATION_LEVEL = "-O";
				VALIDATE_PRODUCT = YES;
			};
			name = Release;
		};
		042432ED24C7CACB005013BF /* Debug */ = {
			isa = XCBuildConfiguration;
			buildSettings = {
				ASSETCATALOG_COMPILER_APPICON_NAME = AppIcon;
				CODE_SIGN_STYLE = Automatic;
				DEVELOPMENT_TEAM = 8G73BH94RR;
				INFOPLIST_FILE = EmptyWindowTest/Info.plist;
				LD_RUNPATH_SEARCH_PATHS = (
					"$(inherited)",
					"@executable_path/Frameworks",
				);
				PRODUCT_BUNDLE_IDENTIFIER = com.fikrihelmi.EmptyWindowTest;
				PRODUCT_NAME = "$(TARGET_NAME)";
				SWIFT_VERSION = 5.0;
				TARGETED_DEVICE_FAMILY = "1,2";
			};
			name = Debug;
		};
		042432EE24C7CACB005013BF /* Release */ = {
			isa = XCBuildConfiguration;
			buildSettings = {
				ASSETCATALOG_COMPILER_APPICON_NAME = AppIcon;
				CODE_SIGN_STYLE = Automatic;
				DEVELOPMENT_TEAM = 8G73BH94RR;
				INFOPLIST_FILE = EmptyWindowTest/Info.plist;
				LD_RUNPATH_SEARCH_PATHS = (
					"$(inherited)",
					"@executable_path/Frameworks",
				);
				PRODUCT_BUNDLE_IDENTIFIER = com.fikrihelmi.EmptyWindowTest;
				PRODUCT_NAME = "$(TARGET_NAME)";
				SWIFT_VERSION = 5.0;
				TARGETED_DEVICE_FAMILY = "1,2";
			};
			name = Release;
		};
		042432FB24C7CB55005013BF /* Debug */ = {
			isa = XCBuildConfiguration;
			buildSettings = {
				BUNDLE_LOADER = "$(TEST_HOST)";
				CODE_SIGN_STYLE = Automatic;
				DEVELOPMENT_TEAM = 8G73BH94RR;
				INFOPLIST_FILE = EmptyWindowTestTests/Info.plist;
				LD_RUNPATH_SEARCH_PATHS = (
					"$(inherited)",
					"@executable_path/Frameworks",
					"@loader_path/Frameworks",
				);
				PRODUCT_BUNDLE_IDENTIFIER = com.fikrihelmi.EmptyWindowTestTests;
				PRODUCT_NAME = "$(TARGET_NAME)";
				SWIFT_VERSION = 5.0;
				TARGETED_DEVICE_FAMILY = "1,2";
				TEST_HOST = "$(BUILT_PRODUCTS_DIR)/EmptyWindowTest.app/EmptyWindowTest";
			};
			name = Debug;
		};
		042432FC24C7CB55005013BF /* Release */ = {
			isa = XCBuildConfiguration;
			buildSettings = {
				BUNDLE_LOADER = "$(TEST_HOST)";
				CODE_SIGN_STYLE = Automatic;
				DEVELOPMENT_TEAM = 8G73BH94RR;
				INFOPLIST_FILE = EmptyWindowTestTests/Info.plist;
				LD_RUNPATH_SEARCH_PATHS = (
					"$(inherited)",
					"@executable_path/Frameworks",
					"@loader_path/Frameworks",
				);
				PRODUCT_BUNDLE_IDENTIFIER = com.fikrihelmi.EmptyWindowTestTests;
				PRODUCT_NAME = "$(TARGET_NAME)";
				SWIFT_VERSION = 5.0;
				TARGETED_DEVICE_FAMILY = "1,2";
				TEST_HOST = "$(BUILT_PRODUCTS_DIR)/EmptyWindowTest.app/EmptyWindowTest";
			};
			name = Release;
		};
/* End XCBuildConfiguration section */

/* Begin XCConfigurationList section */
		042432D324C7CACA005013BF /* Build configuration list for PBXProject "EmptyWindowTest" */ = {
			isa = XCConfigurationList;
			buildConfigurations = (
				042432EA24C7CACB005013BF /* Debug */,
				042432EB24C7CACB005013BF /* Release */,
			);
			defaultConfigurationIsVisible = 0;
			defaultConfigurationName = Release;
		};
		042432EC24C7CACB005013BF /* Build configuration list for PBXNativeTarget "EmptyWindowTest" */ = {
			isa = XCConfigurationList;
			buildConfigurations = (
				042432ED24C7CACB005013BF /* Debug */,
				042432EE24C7CACB005013BF /* Release */,
			);
			defaultConfigurationIsVisible = 0;
			defaultConfigurationName = Release;
		};
		042432FA24C7CB55005013BF /* Build configuration list for PBXNativeTarget "EmptyWindowTestTests" */ = {
			isa = XCConfigurationList;
			buildConfigurations = (
				042432FB24C7CB55005013BF /* Debug */,
				042432FC24C7CB55005013BF /* Release */,
			);
			defaultConfigurationIsVisible = 0;
			defaultConfigurationName = Release;
		};
/* End XCConfigurationList section */
	};
	rootObject = 042432D024C7CACA005013BF /* Project object */;
}
